
Microsoft Visual Studio Solution File, Format Version 12.00
# Visual Studio Version 17
VisualStudioVersion = 17.0.32112.339
MinimumVisualStudioVersion = 10.0.40219.1
Project("{FAE04EC0-301F-11D3-BF4B-00C04F79EFBC}") = "ZD 11 shast 1", "ZD 11 shast 1\ZD 11 shast 1.csproj", "{8B4ECB5A-818D-4946-BF1C-3640141CD60C}"
EndProject
Project("{FAE04EC0-301F-11D3-BF4B-00C04F79EFBC}") = "ZD 11 shast 2", "ZD 11 shast 2\ZD 11 shast 2.csproj", "{95F3513D-6EB8-4084-A93C-DE01D26D415A}"
EndProject
Project("{FAE04EC0-301F-11D3-BF4B-00C04F79EFBC}") = "ZD 11 shast 3", "ZD 11 shast 3\ZD 11 shast 3.csproj", "{0468896C-2E37-4206-9CA2-A3D63054A8D1}"
EndProject
Project("{FAE04EC0-301F-11D3-BF4B-00C04F79EFBC}") = "ZD 11 shast 4", "ZD 11 shast 4\ZD 11 shast 4.csproj", "{38B67B58-2FF4-4894-8C6C-584D10D7F393}"
EndProject
Project("{FAE04EC0-301F-11D3-BF4B-00C04F79EFBC}") = "ZD 11 DZ", "ZD 11 DZ\ZD 11 DZ.csproj", "{A296EF54-8D5A-4130-8ADA-968C83970C8C}"
EndProject
Global
	GlobalSection(SolutionConfigurationPlatforms) = preSolution
		Debug|Any CPU = Debug|Any CPU
		Release|Any CPU = Release|Any CPU
	EndGlobalSection
	GlobalSection(ProjectConfigurationPlatforms) = postSolution
		{8B4ECB5A-818D-4946-BF1C-3640141CD60C}.Debug|Any CPU.ActiveCfg = Debug|Any CPU
		{8B4ECB5A-818D-4946-BF1C-3640141CD60C}.Debug|Any CPU.Build.0 = Debug|Any CPU
		{8B4ECB5A-818D-4946-BF1C-3640141CD60C}.Release|Any CPU.ActiveCfg = Release|Any CPU
		{8B4ECB5A-818D-4946-BF1C-3640141CD60C}.Release|Any CPU.Build.0 = Release|Any CPU
		{95F3513D-6EB8-4084-A93C-DE01D26D415A}.Debug|Any CPU.ActiveCfg = Debug|Any CPU
		{95F3513D-6EB8-4084-A93C-DE01D26D415A}.Debug|Any CPU.Build.0 = Debug|Any CPU
		{95F3513D-6EB8-4084-A93C-DE01D26D415A}.Release|Any CPU.ActiveCfg = Release|Any CPU
		{95F3513D-6EB8-4084-A93C-DE01D26D415A}.Release|Any CPU.Build.0 = Release|Any CPU
		{0468896C-2E37-4206-9CA2-A3D63054A8D1}.Debug|Any CPU.ActiveCfg = Debug|Any CPU
		{0468896C-2E37-4206-9CA2-A3D63054A8D1}.Debug|Any CPU.Build.0 = Debug|Any CPU
		{0468896C-2E37-4206-9CA2-A3D63054A8D1}.Release|Any CPU.ActiveCfg = Release|Any CPU
		{0468896C-2E37-4206-9CA2-A3D63054A8D1}.Release|Any CPU.Build.0 = Release|Any CPU
		{38B67B58-2FF4-4894-8C6C-584D10D7F393}.Debug|Any CPU.ActiveCfg = Debug|Any CPU
		{38B67B58-2FF4-4894-8C6C-584D10D7F393}.Debug|Any CPU.Build.0 = Debug|Any CPU
		{38B67B58-2FF4-4894-8C6C-584D10D7F393}.Release|Any CPU.ActiveCfg = Release|Any CPU
		{38B67B58-2FF4-4894-8C6C-584D10D7F393}.Release|Any CPU.Build.0 = Release|Any CPU
		{A296EF54-8D5A-4130-8ADA-968C83970C8C}.Debug|Any CPU.ActiveCfg = Debug|Any CPU
		{A296EF54-8D5A-4130-8ADA-968C83970C8C}.Debug|Any CPU.Build.0 = Debug|Any CPU
		{A296EF54-8D5A-4130-8ADA-968C83970C8C}.Release|Any CPU.ActiveCfg = Release|Any CPU
		{A296EF54-8D5A-4130-8ADA-968C83970C8C}.Release|Any CPU.Build.0 = Release|Any CPU
	EndGlobalSection
	GlobalSection(SolutionProperties) = preSolution
		HideSolutionNode = FALSE
	EndGlobalSection
	GlobalSection(ExtensibilityGlobals) = postSolution
		SolutionGuid = {7687B3A3-AECB-450E-9A5F-467E4E4BB18C}
	EndGlobalSection
EndGlobal
